
Microsoft Visual Studio Solution File, Format Version 12.00
# Visual Studio Version 17
VisualStudioVersion = 17.1.32210.238
MinimumVisualStudioVersion = 10.0.40219.1
Project("{FAE04EC0-301F-11D3-BF4B-00C04F79EFBC}") = "API", "API\API.csproj", "{67139DC1-C781-4633-B756-9223FBF53B4A}"
EndProject
Project("{FAE04EC0-301F-11D3-BF4B-00C04F79EFBC}") = "Domain", "Domain\Domain.csproj", "{B6C936B1-CEDF-4EE9-8AB2-04BF759599E7}"
EndProject
Project("{FAE04EC0-301F-11D3-BF4B-00C04F79EFBC}") = "Business", "Business\Business.csproj", "{4681A911-0750-49B1-8B8E-B2CAF9C5DF93}"
EndProject
Project("{FAE04EC0-301F-11D3-BF4B-00C04F79EFBC}") = "Data", "Data\Data.csproj", "{7A561FE1-903A-47C3-A637-38DE2A4E1BE2}"
EndProject
Global
	GlobalSection(SolutionConfigurationPlatforms) = preSolution
		Debug|Any CPU = Debug|Any CPU
		Release|Any CPU = Release|Any CPU
	EndGlobalSection
	GlobalSection(ProjectConfigurationPlatforms) = postSolution
		{67139DC1-C781-4633-B756-9223FBF53B4A}.Debug|Any CPU.ActiveCfg = Debug|Any CPU
		{67139DC1-C781-4633-B756-9223FBF53B4A}.Debug|Any CPU.Build.0 = Debug|Any CPU
		{67139DC1-C781-4633-B756-9223FBF53B4A}.Release|Any CPU.ActiveCfg = Release|Any CPU
		{67139DC1-C781-4633-B756-9223FBF53B4A}.Release|Any CPU.Build.0 = Release|Any CPU
		{B6C936B1-CEDF-4EE9-8AB2-04BF759599E7}.Debug|Any CPU.ActiveCfg = Debug|Any CPU
		{B6C936B1-CEDF-4EE9-8AB2-04BF759599E7}.Debug|Any CPU.Build.0 = Debug|Any CPU
		{B6C936B1-CEDF-4EE9-8AB2-04BF759599E7}.Release|Any CPU.ActiveCfg = Release|Any CPU
		{B6C936B1-CEDF-4EE9-8AB2-04BF759599E7}.Release|Any CPU.Build.0 = Release|Any CPU
		{4681A911-0750-49B1-8B8E-B2CAF9C5DF93}.Debug|Any CPU.ActiveCfg = Debug|Any CPU
		{4681A911-0750-49B1-8B8E-B2CAF9C5DF93}.Debug|Any CPU.Build.0 = Debug|Any CPU
		{4681A911-0750-49B1-8B8E-B2CAF9C5DF93}.Release|Any CPU.ActiveCfg = Release|Any CPU
		{4681A911-0750-49B1-8B8E-B2CAF9C5DF93}.Release|Any CPU.Build.0 = Release|Any CPU
		{7A561FE1-903A-47C3-A637-38DE2A4E1BE2}.Debug|Any CPU.ActiveCfg = Debug|Any CPU
		{7A561FE1-903A-47C3-A637-38DE2A4E1BE2}.Debug|Any CPU.Build.0 = Debug|Any CPU
		{7A561FE1-903A-47C3-A637-38DE2A4E1BE2}.Release|Any CPU.ActiveCfg = Release|Any CPU
		{7A561FE1-903A-47C3-A637-38DE2A4E1BE2}.Release|Any CPU.Build.0 = Release|Any CPU
	EndGlobalSection
	GlobalSection(SolutionProperties) = preSolution
		HideSolutionNode = FALSE
	EndGlobalSection
	GlobalSection(ExtensibilityGlobals) = postSolution
		SolutionGuid = {2DFA5CCA-D94B-4078-8C99-F4D0189C3E02}
	EndGlobalSection
EndGlobal
